
Microsoft Visual Studio Solution File, Format Version 12.00
# Visual Studio Version 17
VisualStudioVersion = 17.6.33712.159
MinimumVisualStudioVersion = 10.0.40219.1
Project("{8BC9CEB8-8B4A-11D0-8D11-00A0C91BC942}") = "Reg File", "Reg File\Reg File.vcxproj", "{CA228952-7436-4741-BEA6-78BA0C6DC80B}"
EndProject
Global
	GlobalSection(SolutionConfigurationPlatforms) = preSolution
		Debug|x64 = Debug|x64
		Debug|x86 = Debug|x86
		Release|x64 = Release|x64
		Release|x86 = Release|x86
	EndGlobalSection
	GlobalSection(ProjectConfigurationPlatforms) = postSolution
		{CA228952-7436-4741-BEA6-78BA0C6DC80B}.Debug|x64.ActiveCfg = Debug|x64
		{CA228952-7436-4741-BEA6-78BA0C6DC80B}.Debug|x64.Build.0 = Debug|x64
		{CA228952-7436-4741-BEA6-78BA0C6DC80B}.Debug|x86.ActiveCfg = Debug|Win32
		{CA228952-7436-4741-BEA6-78BA0C6DC80B}.Debug|x86.Build.0 = Debug|Win32
		{CA228952-7436-4741-BEA6-78BA0C6DC80B}.Release|x64.ActiveCfg = Release|x64
		{CA228952-7436-4741-BEA6-78BA0C6DC80B}.Release|x64.Build.0 = Release|x64
		{CA228952-7436-4741-BEA6-78BA0C6DC80B}.Release|x86.ActiveCfg = Release|Win32
		{CA228952-7436-4741-BEA6-78BA0C6DC80B}.Release|x86.Build.0 = Release|Win32
	EndGlobalSection
	GlobalSection(SolutionProperties) = preSolution
		HideSolutionNode = FALSE
	EndGlobalSection
	GlobalSection(ExtensibilityGlobals) = postSolution
		SolutionGuid = {43E7E08F-B8F7-4DFA-B5FB-AB1D4643770C}
	EndGlobalSection
EndGlobal
